
Microsoft Visual Studio Solution File, Format Version 12.00
# Visual Studio Version 17
VisualStudioVersion = 17.0.31919.166
MinimumVisualStudioVersion = 10.0.40219.1
Project("{FAE04EC0-301F-11D3-BF4B-00C04F79EFBC}") = "FileAppAPI", "FileAppAPI\FileAppAPI.csproj", "{791DA0F6-B5A5-4C9B-9C9F-231BA590117A}"
EndProject
Global
	GlobalSection(SolutionConfigurationPlatforms) = preSolution
		Debug|Any CPU = Debug|Any CPU
		Release|Any CPU = Release|Any CPU
	EndGlobalSection
	GlobalSection(ProjectConfigurationPlatforms) = postSolution
		{791DA0F6-B5A5-4C9B-9C9F-231BA590117A}.Debug|Any CPU.ActiveCfg = Debug|Any CPU
		{791DA0F6-B5A5-4C9B-9C9F-231BA590117A}.Debug|Any CPU.Build.0 = Debug|Any CPU
		{791DA0F6-B5A5-4C9B-9C9F-231BA590117A}.Release|Any CPU.ActiveCfg = Release|Any CPU
		{791DA0F6-B5A5-4C9B-9C9F-231BA590117A}.Release|Any CPU.Build.0 = Release|Any CPU
	EndGlobalSection
	GlobalSection(SolutionProperties) = preSolution
		HideSolutionNode = FALSE
	EndGlobalSection
	GlobalSection(ExtensibilityGlobals) = postSolution
		SolutionGuid = {19105133-3D64-4141-BB73-8ADC27861F46}
	EndGlobalSection
EndGlobal
